
Microsoft Visual Studio Solution File, Format Version 12.00
# Visual Studio Version 16
VisualStudioVersion = 16.0.31129.286
MinimumVisualStudioVersion = 10.0.40219.1
Project("{FAE04EC0-301F-11D3-BF4B-00C04F79EFBC}") = "Entities", "Entities\Entities.csproj", "{46861E79-9399-4AF1-85F3-26E9B6911FF2}"
EndProject
Project("{FAE04EC0-301F-11D3-BF4B-00C04F79EFBC}") = "Business", "Business\Business.csproj", "{E3E726D3-DAEE-404C-BC8B-9648BD2196C5}"
EndProject
Project("{FAE04EC0-301F-11D3-BF4B-00C04F79EFBC}") = "Core", "Core\Core.csproj", "{16F9B3F6-6238-4421-923A-479180405BEE}"
EndProject
Project("{FAE04EC0-301F-11D3-BF4B-00C04F79EFBC}") = "DataAccess", "DataAccess\DataAccess.csproj", "{B0E348A3-0E42-43B2-8C12-183D93EF3BDE}"
EndProject
Project("{FAE04EC0-301F-11D3-BF4B-00C04F79EFBC}") = "WebAPI", "WebAPI\WebAPI.csproj", "{93A4962E-4377-4E30-9C55-0ED9E4237780}"
EndProject
Global
	GlobalSection(SolutionConfigurationPlatforms) = preSolution
		Debug|Any CPU = Debug|Any CPU
		Release|Any CPU = Release|Any CPU
	EndGlobalSection
	GlobalSection(ProjectConfigurationPlatforms) = postSolution
		{46861E79-9399-4AF1-85F3-26E9B6911FF2}.Debug|Any CPU.ActiveCfg = Debug|Any CPU
		{46861E79-9399-4AF1-85F3-26E9B6911FF2}.Debug|Any CPU.Build.0 = Debug|Any CPU
		{46861E79-9399-4AF1-85F3-26E9B6911FF2}.Release|Any CPU.ActiveCfg = Release|Any CPU
		{46861E79-9399-4AF1-85F3-26E9B6911FF2}.Release|Any CPU.Build.0 = Release|Any CPU
		{E3E726D3-DAEE-404C-BC8B-9648BD2196C5}.Debug|Any CPU.ActiveCfg = Debug|Any CPU
		{E3E726D3-DAEE-404C-BC8B-9648BD2196C5}.Debug|Any CPU.Build.0 = Debug|Any CPU
		{E3E726D3-DAEE-404C-BC8B-9648BD2196C5}.Release|Any CPU.ActiveCfg = Release|Any CPU
		{E3E726D3-DAEE-404C-BC8B-9648BD2196C5}.Release|Any CPU.Build.0 = Release|Any CPU
		{16F9B3F6-6238-4421-923A-479180405BEE}.Debug|Any CPU.ActiveCfg = Debug|Any CPU
		{16F9B3F6-6238-4421-923A-479180405BEE}.Debug|Any CPU.Build.0 = Debug|Any CPU
		{16F9B3F6-6238-4421-923A-479180405BEE}.Release|Any CPU.ActiveCfg = Release|Any CPU
		{16F9B3F6-6238-4421-923A-479180405BEE}.Release|Any CPU.Build.0 = Release|Any CPU
		{B0E348A3-0E42-43B2-8C12-183D93EF3BDE}.Debug|Any CPU.ActiveCfg = Debug|Any CPU
		{B0E348A3-0E42-43B2-8C12-183D93EF3BDE}.Debug|Any CPU.Build.0 = Debug|Any CPU
		{B0E348A3-0E42-43B2-8C12-183D93EF3BDE}.Release|Any CPU.ActiveCfg = Release|Any CPU
		{B0E348A3-0E42-43B2-8C12-183D93EF3BDE}.Release|Any CPU.Build.0 = Release|Any CPU
		{93A4962E-4377-4E30-9C55-0ED9E4237780}.Debug|Any CPU.ActiveCfg = Debug|Any CPU
		{93A4962E-4377-4E30-9C55-0ED9E4237780}.Debug|Any CPU.Build.0 = Debug|Any CPU
		{93A4962E-4377-4E30-9C55-0ED9E4237780}.Release|Any CPU.ActiveCfg = Release|Any CPU
		{93A4962E-4377-4E30-9C55-0ED9E4237780}.Release|Any CPU.Build.0 = Release|Any CPU
	EndGlobalSection
	GlobalSection(SolutionProperties) = preSolution
		HideSolutionNode = FALSE
	EndGlobalSection
	GlobalSection(ExtensibilityGlobals) = postSolution
		SolutionGuid = {B7F89716-53DF-473B-A3AA-72356637B78A}
	EndGlobalSection
EndGlobal
