
Microsoft Visual Studio Solution File, Format Version 12.00
# Visual Studio Version 16
VisualStudioVersion = 16.0.31105.61
MinimumVisualStudioVersion = 10.0.40219.1
Project("{9A19103F-16F7-4668-BE54-9A1E7A4F7556}") = "WebAPI", "WebAPI\WebAPI.csproj", "{591EE317-6077-42F1-B7BC-8D753A3EC09D}"
EndProject
Project("{FAE04EC0-301F-11D3-BF4B-00C04F79EFBC}") = "Business", "Business\Business.csproj", "{4049C88A-EAFF-481E-A223-B2723F42171B}"
EndProject
Project("{FAE04EC0-301F-11D3-BF4B-00C04F79EFBC}") = "Core", "Core\Core.csproj", "{690C9E21-2EE7-4A88-A0A3-AC679AEFB275}"
EndProject
Project("{FAE04EC0-301F-11D3-BF4B-00C04F79EFBC}") = "Entities", "Entities\Entities.csproj", "{427CD65F-F406-4314-B12C-4482DF885A28}"
EndProject
Project("{FAE04EC0-301F-11D3-BF4B-00C04F79EFBC}") = "DataAccess", "DataAccess\DataAccess.csproj", "{4CD20E2D-8633-4A77-867C-E60946B97189}"
EndProject
Global
	GlobalSection(SolutionConfigurationPlatforms) = preSolution
		Debug|Any CPU = Debug|Any CPU
		Release|Any CPU = Release|Any CPU
	EndGlobalSection
	GlobalSection(ProjectConfigurationPlatforms) = postSolution
		{591EE317-6077-42F1-B7BC-8D753A3EC09D}.Debug|Any CPU.ActiveCfg = Debug|Any CPU
		{591EE317-6077-42F1-B7BC-8D753A3EC09D}.Debug|Any CPU.Build.0 = Debug|Any CPU
		{591EE317-6077-42F1-B7BC-8D753A3EC09D}.Release|Any CPU.ActiveCfg = Release|Any CPU
		{591EE317-6077-42F1-B7BC-8D753A3EC09D}.Release|Any CPU.Build.0 = Release|Any CPU
		{4049C88A-EAFF-481E-A223-B2723F42171B}.Debug|Any CPU.ActiveCfg = Debug|Any CPU
		{4049C88A-EAFF-481E-A223-B2723F42171B}.Debug|Any CPU.Build.0 = Debug|Any CPU
		{4049C88A-EAFF-481E-A223-B2723F42171B}.Release|Any CPU.ActiveCfg = Release|Any CPU
		{4049C88A-EAFF-481E-A223-B2723F42171B}.Release|Any CPU.Build.0 = Release|Any CPU
		{690C9E21-2EE7-4A88-A0A3-AC679AEFB275}.Debug|Any CPU.ActiveCfg = Debug|Any CPU
		{690C9E21-2EE7-4A88-A0A3-AC679AEFB275}.Debug|Any CPU.Build.0 = Debug|Any CPU
		{690C9E21-2EE7-4A88-A0A3-AC679AEFB275}.Release|Any CPU.ActiveCfg = Release|Any CPU
		{690C9E21-2EE7-4A88-A0A3-AC679AEFB275}.Release|Any CPU.Build.0 = Release|Any CPU
		{427CD65F-F406-4314-B12C-4482DF885A28}.Debug|Any CPU.ActiveCfg = Debug|Any CPU
		{427CD65F-F406-4314-B12C-4482DF885A28}.Debug|Any CPU.Build.0 = Debug|Any CPU
		{427CD65F-F406-4314-B12C-4482DF885A28}.Release|Any CPU.ActiveCfg = Release|Any CPU
		{427CD65F-F406-4314-B12C-4482DF885A28}.Release|Any CPU.Build.0 = Release|Any CPU
		{4CD20E2D-8633-4A77-867C-E60946B97189}.Debug|Any CPU.ActiveCfg = Debug|Any CPU
		{4CD20E2D-8633-4A77-867C-E60946B97189}.Debug|Any CPU.Build.0 = Debug|Any CPU
		{4CD20E2D-8633-4A77-867C-E60946B97189}.Release|Any CPU.ActiveCfg = Release|Any CPU
		{4CD20E2D-8633-4A77-867C-E60946B97189}.Release|Any CPU.Build.0 = Release|Any CPU
	EndGlobalSection
	GlobalSection(SolutionProperties) = preSolution
		HideSolutionNode = FALSE
	EndGlobalSection
	GlobalSection(ExtensibilityGlobals) = postSolution
		SolutionGuid = {DF15B94D-7B6E-4228-AC3D-020E1454B8C3}
	EndGlobalSection
EndGlobal
